
Microsoft Visual Studio Solution File, Format Version 12.00
# Visual Studio Version 16
VisualStudioVersion = 16.0.31410.357
MinimumVisualStudioVersion = 10.0.40219.1
Project("{9A19103F-16F7-4668-BE54-9A1E7A4F7556}") = "Paystack.Net.SDK", "Paystack.Net.SDK\Paystack.Net.SDK.csproj", "{BE8ED6A4-7410-44ED-8BA9-693B7DBDA889}"
EndProject
Global
	GlobalSection(SolutionConfigurationPlatforms) = preSolution
		Debug|Any CPU = Debug|Any CPU
		Release|Any CPU = Release|Any CPU
	EndGlobalSection
	GlobalSection(ProjectConfigurationPlatforms) = postSolution
		{BE8ED6A4-7410-44ED-8BA9-693B7DBDA889}.Debug|Any CPU.ActiveCfg = Debug|Any CPU
		{BE8ED6A4-7410-44ED-8BA9-693B7DBDA889}.Debug|Any CPU.Build.0 = Debug|Any CPU
		{BE8ED6A4-7410-44ED-8BA9-693B7DBDA889}.Release|Any CPU.ActiveCfg = Release|Any CPU
		{BE8ED6A4-7410-44ED-8BA9-693B7DBDA889}.Release|Any CPU.Build.0 = Release|Any CPU
	EndGlobalSection
	GlobalSection(SolutionProperties) = preSolution
		HideSolutionNode = FALSE
	EndGlobalSection
	GlobalSection(ExtensibilityGlobals) = postSolution
		SolutionGuid = {73290EA6-900E-421F-A460-B9E47EC75FA8}
	EndGlobalSection
EndGlobal
