
Microsoft Visual Studio Solution File, Format Version 12.00
# Visual Studio 15
VisualStudioVersion = 15.0.27130.2010
MinimumVisualStudioVersion = 10.0.40219.1
Project("{FAE04EC0-301F-11D3-BF4B-00C04F79EFBC}") = "Paystack.Net.SDK", "Paystack.Net.SDK\Paystack.Net.SDK.csproj", "{BE8ED6A4-7410-44ED-8BA9-693B7DBDA889}"
EndProject
Project("{FAE04EC0-301F-11D3-BF4B-00C04F79EFBC}") = "Paystack.Net.Models", "Paystack.Net.Models\Paystack.Net.Models.csproj", "{F12518F2-AEEE-4A9B-89BF-D7E1D4E04209}"
EndProject
Project("{FAE04EC0-301F-11D3-BF4B-00C04F79EFBC}") = "Paystack.Net.Interfaces", "Paystack.Net.Interfaces\Paystack.Net.Interfaces.csproj", "{0BEF6626-3C25-459F-ADB7-B331E4CBE9F3}"
EndProject
Project("{FAE04EC0-301F-11D3-BF4B-00C04F79EFBC}") = "Paystack.Net.Contstants", "Paystack.Net.Contstants\Paystack.Net.Contstants.csproj", "{575A2B36-6886-4FF7-99C2-8889496C9B66}"
EndProject
Global
	GlobalSection(SolutionConfigurationPlatforms) = preSolution
		Debug|Any CPU = Debug|Any CPU
		Release|Any CPU = Release|Any CPU
	EndGlobalSection
	GlobalSection(ProjectConfigurationPlatforms) = postSolution
		{BE8ED6A4-7410-44ED-8BA9-693B7DBDA889}.Debug|Any CPU.ActiveCfg = Debug|Any CPU
		{BE8ED6A4-7410-44ED-8BA9-693B7DBDA889}.Debug|Any CPU.Build.0 = Debug|Any CPU
		{BE8ED6A4-7410-44ED-8BA9-693B7DBDA889}.Release|Any CPU.ActiveCfg = Release|Any CPU
		{BE8ED6A4-7410-44ED-8BA9-693B7DBDA889}.Release|Any CPU.Build.0 = Release|Any CPU
		{F12518F2-AEEE-4A9B-89BF-D7E1D4E04209}.Debug|Any CPU.ActiveCfg = Debug|Any CPU
		{F12518F2-AEEE-4A9B-89BF-D7E1D4E04209}.Debug|Any CPU.Build.0 = Debug|Any CPU
		{F12518F2-AEEE-4A9B-89BF-D7E1D4E04209}.Release|Any CPU.ActiveCfg = Release|Any CPU
		{F12518F2-AEEE-4A9B-89BF-D7E1D4E04209}.Release|Any CPU.Build.0 = Release|Any CPU
		{0BEF6626-3C25-459F-ADB7-B331E4CBE9F3}.Debug|Any CPU.ActiveCfg = Debug|Any CPU
		{0BEF6626-3C25-459F-ADB7-B331E4CBE9F3}.Debug|Any CPU.Build.0 = Debug|Any CPU
		{0BEF6626-3C25-459F-ADB7-B331E4CBE9F3}.Release|Any CPU.ActiveCfg = Release|Any CPU
		{0BEF6626-3C25-459F-ADB7-B331E4CBE9F3}.Release|Any CPU.Build.0 = Release|Any CPU
		{575A2B36-6886-4FF7-99C2-8889496C9B66}.Debug|Any CPU.ActiveCfg = Debug|Any CPU
		{575A2B36-6886-4FF7-99C2-8889496C9B66}.Debug|Any CPU.Build.0 = Debug|Any CPU
		{575A2B36-6886-4FF7-99C2-8889496C9B66}.Release|Any CPU.ActiveCfg = Release|Any CPU
		{575A2B36-6886-4FF7-99C2-8889496C9B66}.Release|Any CPU.Build.0 = Release|Any CPU
	EndGlobalSection
	GlobalSection(SolutionProperties) = preSolution
		HideSolutionNode = FALSE
	EndGlobalSection
	GlobalSection(ExtensibilityGlobals) = postSolution
		SolutionGuid = {73290EA6-900E-421F-A460-B9E47EC75FA8}
	EndGlobalSection
EndGlobal
